// !$*UTF8*$!
{
	archiveVersion = 1;
	classes = {
	};
	objectVersion = 77;
	objects = {

/* Begin PBXBuildFile section */
		BA32B5342DC1EAA800D48CC3 /* FirebaseAuth in Frameworks */ = {isa = PBXBuildFile; productRef = BA32B5332DC1EAA800D48CC3 /* FirebaseAuth */; };
		BA32B5362DC1EAA800D48CC3 /* FirebaseAuthCombine-Community in Frameworks */ = {isa = PBXBuildFile; productRef = BA32B5352DC1EAA800D48CC3 /* FirebaseAuthCombine-Community */; };
		BA32B5382DC1EAA800D48CC3 /* FirebaseCore in Frameworks */ = {isa = PBXBuildFile; productRef = BA32B5372DC1EAA800D48CC3 /* FirebaseCore */; };
		BA32B53A2DC1EAA800D48CC3 /* FirebaseDatabase in Frameworks */ = {isa = PBXBuildFile; productRef = BA32B5392DC1EAA800D48CC3 /* FirebaseDatabase */; };
		BA32B53C2DC1EAA800D48CC3 /* FirebaseFirestore in Frameworks */ = {isa = PBXBuildFile; productRef = BA32B53B2DC1EAA800D48CC3 /* FirebaseFirestore */; };
		BA32B53E2DC1EAA800D48CC3 /* FirebaseStorage in Frameworks */ = {isa = PBXBuildFile; productRef = BA32B53D2DC1EAA800D48CC3 /* FirebaseStorage */; };
/* End PBXBuildFile section */

/* Begin PBXContainerItemProxy section */
		BA5150482DC1817B00D248C2 /* PBXContainerItemProxy */ = {
			isa = PBXContainerItemProxy;
			containerPortal = BA5150322DC1817B00D248C2 /* Project object */;
			proxyType = 1;
			remoteGlobalIDString = BA5150392DC1817B00D248C2;
			remoteInfo = ReservationSystem;
		};
		BA5150522DC1817B00D248C2 /* PBXContainerItemProxy */ = {
			isa = PBXContainerItemProxy;
			containerPortal = BA5150322DC1817B00D248C2 /* Project object */;
			proxyType = 1;
			remoteGlobalIDString = BA5150392DC1817B00D248C2;
			remoteInfo = ReservationSystem;
		};
/* End PBXContainerItemProxy section */

/* Begin PBXFileReference section */
		BA51503A2DC1817B00D248C2 /* Malibu Farm.app */ = {isa = PBXFileReference; explicitFileType = wrapper.application; includeInIndex = 0; path = "Malibu Farm.app"; sourceTree = BUILT_PRODUCTS_DIR; };
		BA5150472DC1817B00D248C2 /* ReservationSystemTests.xctest */ = {isa = PBXFileReference; explicitFileType = wrapper.cfbundle; includeInIndex = 0; path = ReservationSystemTests.xctest; sourceTree = BUILT_PRODUCTS_DIR; };
		BA5150512DC1817B00D248C2 /* ReservationSystemUITests.xctest */ = {isa = PBXFileReference; explicitFileType = wrapper.cfbundle; includeInIndex = 0; path = ReservationSystemUITests.xctest; sourceTree = BUILT_PRODUCTS_DIR; };
/* End PBXFileReference section */

/* Begin PBXFileSystemSynchronizedRootGroup section */
		BA51503C2DC1817B00D248C2 /* ReservationSystem */ = {
			isa = PBXFileSystemSynchronizedRootGroup;
			path = ReservationSystem;
			sourceTree = "<group>";
		};
		BA51504A2DC1817B00D248C2 /* ReservationSystemTests */ = {
			isa = PBXFileSystemSynchronizedRootGroup;
			path = ReservationSystemTests;
			sourceTree = "<group>";
		};
		BA5150542DC1817B00D248C2 /* ReservationSystemUITests */ = {
			isa = PBXFileSystemSynchronizedRootGroup;
			path = ReservationSystemUITests;
			sourceTree = "<group>";
		};
/* End PBXFileSystemSynchronizedRootGroup section */

/* Begin PBXFrameworksBuildPhase section */
		BA5150372DC1817B00D248C2 /* Frameworks */ = {
			isa = PBXFrameworksBuildPhase;
			buildActionMask = 2147483647;
			files = (
				BA32B5342DC1EAA800D48CC3 /* FirebaseAuth in Frameworks */,
				BA32B5382DC1EAA800D48CC3 /* FirebaseCore in Frameworks */,
				BA32B53A2DC1EAA800D48CC3 /* FirebaseDatabase in Frameworks */,
				BA32B53C2DC1EAA800D48CC3 /* FirebaseFirestore in Frameworks */,
				BA32B5362DC1EAA800D48CC3 /* FirebaseAuthCombine-Community in Frameworks */,
				BA32B53E2DC1EAA800D48CC3 /* FirebaseStorage in Frameworks */,
			);
			runOnlyForDeploymentPostprocessing = 0;
		};
		BA5150442DC1817B00D248C2 /* Frameworks */ = {
			isa = PBXFrameworksBuildPhase;
			buildActionMask = 2147483647;
			files = (
			);
			runOnlyForDeploymentPostprocessing = 0;
		};
		BA51504E2DC1817B00D248C2 /* Frameworks */ = {
			isa = PBXFrameworksBuildPhase;
			buildActionMask = 2147483647;
			files = (
			);
			runOnlyForDeploymentPostprocessing = 0;
		};
/* End PBXFrameworksBuildPhase section */

/* Begin PBXGroup section */
		BA5150312DC1817B00D248C2 = {
			isa = PBXGroup;
			children = (
				BA51503C2DC1817B00D248C2 /* ReservationSystem */,
				BA51504A2DC1817B00D248C2 /* ReservationSystemTests */,
				BA5150542DC1817B00D248C2 /* ReservationSystemUITests */,
				BA51503B2DC1817B00D248C2 /* Products */,
			);
			sourceTree = "<group>";
		};
		BA51503B2DC1817B00D248C2 /* Products */ = {
			isa = PBXGroup;
			children = (
				BA51503A2DC1817B00D248C2 /* Malibu Farm.app */,
				BA5150472DC1817B00D248C2 /* ReservationSystemTests.xctest */,
				BA5150512DC1817B00D248C2 /* ReservationSystemUITests.xctest */,
			);
			name = Products;
			sourceTree = "<group>";
		};
/* End PBXGroup section */

/* Begin PBXNativeTarget section */
		BA5150392DC1817B00D248C2 /* ReservationSystem */ = {
			isa = PBXNativeTarget;
			buildConfigurationList = BA51505B2DC1817B00D248C2 /* Build configuration list for PBXNativeTarget "ReservationSystem" */;
			buildPhases = (
				BA5150362DC1817B00D248C2 /* Sources */,
				BA5150372DC1817B00D248C2 /* Frameworks */,
				BA5150382DC1817B00D248C2 /* Resources */,
			);
			buildRules = (
			);
			dependencies = (
			);
			fileSystemSynchronizedGroups = (
				BA51503C2DC1817B00D248C2 /* ReservationSystem */,
			);
			name = ReservationSystem;
			packageProductDependencies = (
				BA32B5332DC1EAA800D48CC3 /* FirebaseAuth */,
				BA32B5352DC1EAA800D48CC3 /* FirebaseAuthCombine-Community */,
				BA32B5372DC1EAA800D48CC3 /* FirebaseCore */,
				BA32B5392DC1EAA800D48CC3 /* FirebaseDatabase */,
				BA32B53B2DC1EAA800D48CC3 /* FirebaseFirestore */,
				BA32B53D2DC1EAA800D48CC3 /* FirebaseStorage */,
			);
			productName = ReservationSystem;
			productReference = BA51503A2DC1817B00D248C2 /* Malibu Farm.app */;
			productType = "com.apple.product-type.application";
		};
		BA5150462DC1817B00D248C2 /* ReservationSystemTests */ = {
			isa = PBXNativeTarget;
			buildConfigurationList = BA51505E2DC1817B00D248C2 /* Build configuration list for PBXNativeTarget "ReservationSystemTests" */;
			buildPhases = (
				BA5150432DC1817B00D248C2 /* Sources */,
				BA5150442DC1817B00D248C2 /* Frameworks */,
				BA5150452DC1817B00D248C2 /* Resources */,
			);
			buildRules = (
			);
			dependencies = (
				BA5150492DC1817B00D248C2 /* PBXTargetDependency */,
			);
			fileSystemSynchronizedGroups = (
				BA51504A2DC1817B00D248C2 /* ReservationSystemTests */,
			);
			name = ReservationSystemTests;
			packageProductDependencies = (
			);
			productName = ReservationSystemTests;
			productReference = BA5150472DC1817B00D248C2 /* ReservationSystemTests.xctest */;
			productType = "com.apple.product-type.bundle.unit-test";
		};
		BA5150502DC1817B00D248C2 /* ReservationSystemUITests */ = {
			isa = PBXNativeTarget;
			buildConfigurationList = BA5150612DC1817B00D248C2 /* Build configuration list for PBXNativeTarget "ReservationSystemUITests" */;
			buildPhases = (
				BA51504D2DC1817B00D248C2 /* Sources */,
				BA51504E2DC1817B00D248C2 /* Frameworks */,
				BA51504F2DC1817B00D248C2 /* Resources */,
			);
			buildRules = (
			);
			dependencies = (
				BA5150532DC1817B00D248C2 /* PBXTargetDependency */,
			);
			fileSystemSynchronizedGroups = (
				BA5150542DC1817B00D248C2 /* ReservationSystemUITests */,
			);
			name = ReservationSystemUITests;
			packageProductDependencies = (
			);
			productName = ReservationSystemUITests;
			productReference = BA5150512DC1817B00D248C2 /* ReservationSystemUITests.xctest */;
			productType = "com.apple.product-type.bundle.ui-testing";
		};
/* End PBXNativeTarget section */

/* Begin PBXProject section */
		BA5150322DC1817B00D248C2 /* Project object */ = {
			isa = PBXProject;
			attributes = {
				BuildIndependentTargetsInParallel = 1;
				LastSwiftUpdateCheck = 1630;
				LastUpgradeCheck = 1630;
				TargetAttributes = {
					BA5150392DC1817B00D248C2 = {
						CreatedOnToolsVersion = 16.3;
					};
					BA5150462DC1817B00D248C2 = {
						CreatedOnToolsVersion = 16.3;
						TestTargetID = BA5150392DC1817B00D248C2;
					};
					BA5150502DC1817B00D248C2 = {
						CreatedOnToolsVersion = 16.3;
						TestTargetID = BA5150392DC1817B00D248C2;
					};
				};
			};
			buildConfigurationList = BA5150352DC1817B00D248C2 /* Build configuration list for PBXProject "ReservationSystem" */;
			developmentRegion = en;
			hasScannedForEncodings = 0;
			knownRegions = (
				en,
				Base,
			);
			mainGroup = BA5150312DC1817B00D248C2;
			minimizedProjectReferenceProxies = 1;
			packageReferences = (
				BA32B5322DC1EAA800D48CC3 /* XCRemoteSwiftPackageReference "firebase-ios-sdk" */,
			);
			preferredProjectObjectVersion = 77;
			productRefGroup = BA51503B2DC1817B00D248C2 /* Products */;
			projectDirPath = "";
			projectRoot = "";
			targets = (
				BA5150392DC1817B00D248C2 /* ReservationSystem */,
				BA5150462DC1817B00D248C2 /* ReservationSystemTests */,
				BA5150502DC1817B00D248C2 /* ReservationSystemUITests */,
			);
		};
/* End PBXProject section */

/* Begin PBXResourcesBuildPhase section */
		BA5150382DC1817B00D248C2 /* Resources */ = {
			isa = PBXResourcesBuildPhase;
			buildActionMask = 2147483647;
			files = (
			);
			runOnlyForDeploymentPostprocessing = 0;
		};
		BA5150452DC1817B00D248C2 /* Resources */ = {
			isa = PBXResourcesBuildPhase;
			buildActionMask = 2147483647;
			files = (
			);
			runOnlyForDeploymentPostprocessing = 0;
		};
		BA51504F2DC1817B00D248C2 /* Resources */ = {
			isa = PBXResourcesBuildPhase;
			buildActionMask = 2147483647;
			files = (
			);
			runOnlyForDeploymentPostprocessing = 0;
		};
/* End PBXResourcesBuildPhase section */

/* Begin PBXSourcesBuildPhase section */
		BA5150362DC1817B00D248C2 /* Sources */ = {
			isa = PBXSourcesBuildPhase;
			buildActionMask = 2147483647;
			files = (
			);
			runOnlyForDeploymentPostprocessing = 0;
		};
		BA5150432DC1817B00D248C2 /* Sources */ = {
			isa = PBXSourcesBuildPhase;
			buildActionMask = 2147483647;
			files = (
			);
			runOnlyForDeploymentPostprocessing = 0;
		};
		BA51504D2DC1817B00D248C2 /* Sources */ = {
			isa = PBXSourcesBuildPhase;
			buildActionMask = 2147483647;
			files = (
			);
			runOnlyForDeploymentPostprocessing = 0;
		};
/* End PBXSourcesBuildPhase section */

/* Begin PBXTargetDependency section */
		BA5150492DC1817B00D248C2 /* PBXTargetDependency */ = {
			isa = PBXTargetDependency;
			target = BA5150392DC1817B00D248C2 /* ReservationSystem */;
			targetProxy = BA5150482DC1817B00D248C2 /* PBXContainerItemProxy */;
		};
		BA5150532DC1817B00D248C2 /* PBXTargetDependency */ = {
			isa = PBXTargetDependency;
			target = BA5150392DC1817B00D248C2 /* ReservationSystem */;
			targetProxy = BA5150522DC1817B00D248C2 /* PBXContainerItemProxy */;
		};
/* End PBXTargetDependency section */

/* Begin XCBuildConfiguration section */
		BA5150592DC1817B00D248C2 /* Debug */ = {
			isa = XCBuildConfiguration;
			buildSettings = {
				ALWAYS_SEARCH_USER_PATHS = NO;
				ASSETCATALOG_COMPILER_GENERATE_SWIFT_ASSET_SYMBOL_EXTENSIONS = YES;
				CLANG_ANALYZER_NONNULL = YES;
				CLANG_ANALYZER_NUMBER_OBJECT_CONVERSION = YES_AGGRESSIVE;
				CLANG_CXX_LANGUAGE_STANDARD = "gnu++20";
				CLANG_ENABLE_MODULES = YES;
				CLANG_ENABLE_OBJC_ARC = YES;
				CLANG_ENABLE_OBJC_WEAK = YES;
				CLANG_WARN_BLOCK_CAPTURE_AUTORELEASING = YES;
				CLANG_WARN_BOOL_CONVERSION = YES;
				CLANG_WARN_COMMA = YES;
				CLANG_WARN_CONSTANT_CONVERSION = YES;
				CLANG_WARN_DEPRECATED_OBJC_IMPLEMENTATIONS = YES;
				CLANG_WARN_DIRECT_OBJC_ISA_USAGE = YES_ERROR;
				CLANG_WARN_DOCUMENTATION_COMMENTS = YES;
				CLANG_WARN_EMPTY_BODY = YES;
				CLANG_WARN_ENUM_CONVERSION = YES;
				CLANG_WARN_INFINITE_RECURSION = YES;
				CLANG_WARN_INT_CONVERSION = YES;
				CLANG_WARN_NON_LITERAL_NULL_CONVERSION = YES;
				CLANG_WARN_OBJC_IMPLICIT_RETAIN_SELF = YES;
				CLANG_WARN_OBJC_LITERAL_CONVERSION = YES;
				CLANG_WARN_OBJC_ROOT_CLASS = YES_ERROR;
				CLANG_WARN_QUOTED_INCLUDE_IN_FRAMEWORK_HEADER = YES;
				CLANG_WARN_RANGE_LOOP_ANALYSIS = YES;
				CLANG_WARN_STRICT_PROTOTYPES = YES;
				CLANG_WARN_SUSPICIOUS_MOVE = YES;
				CLANG_WARN_UNGUARDED_AVAILABILITY = YES_AGGRESSIVE;
				CLANG_WARN_UNREACHABLE_CODE = YES;
				CLANG_WARN__DUPLICATE_METHOD_MATCH = YES;
				COPY_PHASE_STRIP = NO;
				DEBUG_INFORMATION_FORMAT = dwarf;
				ENABLE_STRICT_OBJC_MSGSEND = YES;
				ENABLE_TESTABILITY = YES;
				ENABLE_USER_SCRIPT_SANDBOXING = YES;
				GCC_C_LANGUAGE_STANDARD = gnu17;
				GCC_DYNAMIC_NO_PIC = NO;
				GCC_NO_COMMON_BLOCKS = YES;
				GCC_OPTIMIZATION_LEVEL = 0;
				GCC_PREPROCESSOR_DEFINITIONS = (
					"DEBUG=1",
					"$(inherited)",
				);
				GCC_WARN_64_TO_32_BIT_CONVERSION = YES;
				GCC_WARN_ABOUT_RETURN_TYPE = YES_ERROR;
				GCC_WARN_UNDECLARED_SELECTOR = YES;
				GCC_WARN_UNINITIALIZED_AUTOS = YES_AGGRESSIVE;
				GCC_WARN_UNUSED_FUNCTION = YES;
				GCC_WARN_UNUSED_VARIABLE = YES;
				IPHONEOS_DEPLOYMENT_TARGET = 18.4;
				LOCALIZATION_PREFERS_STRING_CATALOGS = YES;
				MTL_ENABLE_DEBUG_INFO = INCLUDE_SOURCE;
				MTL_FAST_MATH = YES;
				ONLY_ACTIVE_ARCH = YES;
				SDKROOT = iphoneos;
				SWIFT_ACTIVE_COMPILATION_CONDITIONS = "DEBUG $(inherited)";
				SWIFT_OPTIMIZATION_LEVEL = "-Onone";
			};
			name = Debug;
		};
		BA51505A2DC1817B00D248C2 /* Release */ = {
			isa = XCBuildConfiguration;
			buildSettings = {
				ALWAYS_SEARCH_USER_PATHS = NO;
				ASSETCATALOG_COMPILER_GENERATE_SWIFT_ASSET_SYMBOL_EXTENSIONS = YES;
				CLANG_ANALYZER_NONNULL = YES;
				CLANG_ANALYZER_NUMBER_OBJECT_CONVERSION = YES_AGGRESSIVE;
				CLANG_CXX_LANGUAGE_STANDARD = "gnu++20";
				CLANG_ENABLE_MODULES = YES;
				CLANG_ENABLE_OBJC_ARC = YES;
				CLANG_ENABLE_OBJC_WEAK = YES;
				CLANG_WARN_BLOCK_CAPTURE_AUTORELEASING = YES;
				CLANG_WARN_BOOL_CONVERSION = YES;
				CLANG_WARN_COMMA = YES;
				CLANG_WARN_CONSTANT_CONVERSION = YES;
				CLANG_WARN_DEPRECATED_OBJC_IMPLEMENTATIONS = YES;
				CLANG_WARN_DIRECT_OBJC_ISA_USAGE = YES_ERROR;
				CLANG_WARN_DOCUMENTATION_COMMENTS = YES;
				CLANG_WARN_EMPTY_BODY = YES;
				CLANG_WARN_ENUM_CONVERSION = YES;
				CLANG_WARN_INFINITE_RECURSION = YES;
				CLANG_WARN_INT_CONVERSION = YES;
				CLANG_WARN_NON_LITERAL_NULL_CONVERSION = YES;
				CLANG_WARN_OBJC_IMPLICIT_RETAIN_SELF = YES;
				CLANG_WARN_OBJC_LITERAL_CONVERSION = YES;
				CLANG_WARN_OBJC_ROOT_CLASS = YES_ERROR;
				CLANG_WARN_QUOTED_INCLUDE_IN_FRAMEWORK_HEADER = YES;
				CLANG_WARN_RANGE_LOOP_ANALYSIS = YES;
				CLANG_WARN_STRICT_PROTOTYPES = YES;
				CLANG_WARN_SUSPICIOUS_MOVE = YES;
				CLANG_WARN_UNGUARDED_AVAILABILITY = YES_AGGRESSIVE;
				CLANG_WARN_UNREACHABLE_CODE = YES;
				CLANG_WARN__DUPLICATE_METHOD_MATCH = YES;
				COPY_PHASE_STRIP = NO;
				DEBUG_INFORMATION_FORMAT = "dwarf-with-dsym";
				ENABLE_NS_ASSERTIONS = NO;
				ENABLE_STRICT_OBJC_MSGSEND = YES;
				ENABLE_USER_SCRIPT_SANDBOXING = YES;
				GCC_C_LANGUAGE_STANDARD = gnu17;
				GCC_NO_COMMON_BLOCKS = YES;
				GCC_WARN_64_TO_32_BIT_CONVERSION = YES;
				GCC_WARN_ABOUT_RETURN_TYPE = YES_ERROR;
				GCC_WARN_UNDECLARED_SELECTOR = YES;
				GCC_WARN_UNINITIALIZED_AUTOS = YES_AGGRESSIVE;
				GCC_WARN_UNUSED_FUNCTION = YES;
				GCC_WARN_UNUSED_VARIABLE = YES;
				IPHONEOS_DEPLOYMENT_TARGET = 18.4;
				LOCALIZATION_PREFERS_STRING_CATALOGS = YES;
				MTL_ENABLE_DEBUG_INFO = NO;
				MTL_FAST_MATH = YES;
				SDKROOT = iphoneos;
				SWIFT_COMPILATION_MODE = wholemodule;
				VALIDATE_PRODUCT = YES;
			};
			name = Release;
		};
		BA51505C2DC1817B00D248C2 /* Debug */ = {
			isa = XCBuildConfiguration;
			buildSettings = {
				ASSETCATALOG_COMPILER_APPICON_NAME = AppIcon;
				ASSETCATALOG_COMPILER_GLOBAL_ACCENT_COLOR_NAME = AccentColor;
				CODE_SIGN_STYLE = Automatic;
				CURRENT_PROJECT_VERSION = 1;
				ENABLE_PREVIEWS = YES;
				GENERATE_INFOPLIST_FILE = YES;
				INFOPLIST_KEY_LSApplicationCategoryType = "public.app-category.business";
				INFOPLIST_KEY_UIApplicationSceneManifest_Generation = YES;
				INFOPLIST_KEY_UIApplicationSupportsIndirectInputEvents = YES;
				INFOPLIST_KEY_UILaunchScreen_Generation = YES;
				INFOPLIST_KEY_UISupportedInterfaceOrientations_iPad = "UIInterfaceOrientationPortrait UIInterfaceOrientationPortraitUpsideDown UIInterfaceOrientationLandscapeLeft UIInterfaceOrientationLandscapeRight";
				INFOPLIST_KEY_UISupportedInterfaceOrientations_iPhone = "UIInterfaceOrientationPortrait UIInterfaceOrientationLandscapeLeft UIInterfaceOrientationLandscapeRight";
				LD_RUNPATH_SEARCH_PATHS = (
					"$(inherited)",
					"@executable_path/Frameworks",
				);
				MARKETING_VERSION = 1.0;
				PRODUCT_BUNDLE_IDENTIFIER = com.higa.ios.ReservationSystem;
				PRODUCT_NAME = "Malibu Farm";
				SWIFT_EMIT_LOC_STRINGS = YES;
				SWIFT_VERSION = 5.0;
				TARGETED_DEVICE_FAMILY = "1,2";
			};
			name = Debug;
		};
		BA51505D2DC1817B00D248C2 /* Release */ = {
			isa = XCBuildConfiguration;
			buildSettings = {
				ASSETCATALOG_COMPILER_APPICON_NAME = AppIcon;
				ASSETCATALOG_COMPILER_GLOBAL_ACCENT_COLOR_NAME = AccentColor;
				CODE_SIGN_STYLE = Automatic;
				CURRENT_PROJECT_VERSION = 1;
				ENABLE_PREVIEWS = YES;
				GENERATE_INFOPLIST_FILE = YES;
				INFOPLIST_KEY_LSApplicationCategoryType = "public.app-category.business";
				INFOPLIST_KEY_UIApplicationSceneManifest_Generation = YES;
				INFOPLIST_KEY_UIApplicationSupportsIndirectInputEvents = YES;
				INFOPLIST_KEY_UILaunchScreen_Generation = YES;
				INFOPLIST_KEY_UISupportedInterfaceOrientations_iPad = "UIInterfaceOrientationPortrait UIInterfaceOrientationPortraitUpsideDown UIInterfaceOrientationLandscapeLeft UIInterfaceOrientationLandscapeRight";
				INFOPLIST_KEY_UISupportedInterfaceOrientations_iPhone = "UIInterfaceOrientationPortrait UIInterfaceOrientationLandscapeLeft UIInterfaceOrientationLandscapeRight";
				LD_RUNPATH_SEARCH_PATHS = (
					"$(inherited)",
					"@executable_path/Frameworks",
				);
				MARKETING_VERSION = 1.0;
				PRODUCT_BUNDLE_IDENTIFIER = com.higa.ios.ReservationSystem;
				PRODUCT_NAME = "Malibu Farm";
				SWIFT_EMIT_LOC_STRINGS = YES;
				SWIFT_VERSION = 5.0;
				TARGETED_DEVICE_FAMILY = "1,2";
			};
			name = Release;
		};
		BA51505F2DC1817B00D248C2 /* Debug */ = {
			isa = XCBuildConfiguration;
			buildSettings = {
				BUNDLE_LOADER = "$(TEST_HOST)";
				CODE_SIGN_STYLE = Automatic;
				CURRENT_PROJECT_VERSION = 1;
				GENERATE_INFOPLIST_FILE = YES;
				IPHONEOS_DEPLOYMENT_TARGET = 18.4;
				MARKETING_VERSION = 1.0;
				PRODUCT_BUNDLE_IDENTIFIER = com.higa.ios.ReservationSystemTests;
				PRODUCT_NAME = "$(TARGET_NAME)";
				SWIFT_EMIT_LOC_STRINGS = NO;
				SWIFT_VERSION = 5.0;
				TARGETED_DEVICE_FAMILY = "1,2";
				TEST_HOST = "$(BUILT_PRODUCTS_DIR)/ReservationSystem.app/$(BUNDLE_EXECUTABLE_FOLDER_PATH)/ReservationSystem";
			};
			name = Debug;
		};
		BA5150602DC1817B00D248C2 /* Release */ = {
			isa = XCBuildConfiguration;
			buildSettings = {
				BUNDLE_LOADER = "$(TEST_HOST)";
				CODE_SIGN_STYLE = Automatic;
				CURRENT_PROJECT_VERSION = 1;
				GENERATE_INFOPLIST_FILE = YES;
				IPHONEOS_DEPLOYMENT_TARGET = 18.4;
				MARKETING_VERSION = 1.0;
				PRODUCT_BUNDLE_IDENTIFIER = com.higa.ios.ReservationSystemTests;
				PRODUCT_NAME = "$(TARGET_NAME)";
				SWIFT_EMIT_LOC_STRINGS = NO;
				SWIFT_VERSION = 5.0;
				TARGETED_DEVICE_FAMILY = "1,2";
				TEST_HOST = "$(BUILT_PRODUCTS_DIR)/ReservationSystem.app/$(BUNDLE_EXECUTABLE_FOLDER_PATH)/ReservationSystem";
			};
			name = Release;
		};
		BA5150622DC1817B00D248C2 /* Debug */ = {
			isa = XCBuildConfiguration;
			buildSettings = {
				CODE_SIGN_STYLE = Automatic;
				CURRENT_PROJECT_VERSION = 1;
				GENERATE_INFOPLIST_FILE = YES;
				MARKETING_VERSION = 1.0;
				PRODUCT_BUNDLE_IDENTIFIER = com.higa.ios.ReservationSystemUITests;
				PRODUCT_NAME = "$(TARGET_NAME)";
				SWIFT_EMIT_LOC_STRINGS = NO;
				SWIFT_VERSION = 5.0;
				TARGETED_DEVICE_FAMILY = "1,2";
				TEST_TARGET_NAME = ReservationSystem;
			};
			name = Debug;
		};
		BA5150632DC1817B00D248C2 /* Release */ = {
			isa = XCBuildConfiguration;
			buildSettings = {
				CODE_SIGN_STYLE = Automatic;
				CURRENT_PROJECT_VERSION = 1;
				GENERATE_INFOPLIST_FILE = YES;
				MARKETING_VERSION = 1.0;
				PRODUCT_BUNDLE_IDENTIFIER = com.higa.ios.ReservationSystemUITests;
				PRODUCT_NAME = "$(TARGET_NAME)";
				SWIFT_EMIT_LOC_STRINGS = NO;
				SWIFT_VERSION = 5.0;
				TARGETED_DEVICE_FAMILY = "1,2";
				TEST_TARGET_NAME = ReservationSystem;
			};
			name = Release;
		};
/* End XCBuildConfiguration section */

/* Begin XCConfigurationList section */
		BA5150352DC1817B00D248C2 /* Build configuration list for PBXProject "ReservationSystem" */ = {
			isa = XCConfigurationList;
			buildConfigurations = (
				BA5150592DC1817B00D248C2 /* Debug */,
				BA51505A2DC1817B00D248C2 /* Release */,
			);
			defaultConfigurationIsVisible = 0;
			defaultConfigurationName = Release;
		};
		BA51505B2DC1817B00D248C2 /* Build configuration list for PBXNativeTarget "ReservationSystem" */ = {
			isa = XCConfigurationList;
			buildConfigurations = (
				BA51505C2DC1817B00D248C2 /* Debug */,
				BA51505D2DC1817B00D248C2 /* Release */,
			);
			defaultConfigurationIsVisible = 0;
			defaultConfigurationName = Release;
		};
		BA51505E2DC1817B00D248C2 /* Build configuration list for PBXNativeTarget "ReservationSystemTests" */ = {
			isa = XCConfigurationList;
			buildConfigurations = (
				BA51505F2DC1817B00D248C2 /* Debug */,
				BA5150602DC1817B00D248C2 /* Release */,
			);
			defaultConfigurationIsVisible = 0;
			defaultConfigurationName = Release;
		};
		BA5150612DC1817B00D248C2 /* Build configuration list for PBXNativeTarget "ReservationSystemUITests" */ = {
			isa = XCConfigurationList;
			buildConfigurations = (
				BA5150622DC1817B00D248C2 /* Debug */,
				BA5150632DC1817B00D248C2 /* Release */,
			);
			defaultConfigurationIsVisible = 0;
			defaultConfigurationName = Release;
		};
/* End XCConfigurationList section */

/* Begin XCRemoteSwiftPackageReference section */
		BA32B5322DC1EAA800D48CC3 /* XCRemoteSwiftPackageReference "firebase-ios-sdk" */ = {
			isa = XCRemoteSwiftPackageReference;
			repositoryURL = "https://github.com/firebase/firebase-ios-sdk";
			requirement = {
				kind = upToNextMajorVersion;
				minimumVersion = 11.12.0;
			};
		};
/* End XCRemoteSwiftPackageReference section */

/* Begin XCSwiftPackageProductDependency section */
		BA32B5332DC1EAA800D48CC3 /* FirebaseAuth */ = {
			isa = XCSwiftPackageProductDependency;
			package = BA32B5322DC1EAA800D48CC3 /* XCRemoteSwiftPackageReference "firebase-ios-sdk" */;
			productName = FirebaseAuth;
		};
		BA32B5352DC1EAA800D48CC3 /* FirebaseAuthCombine-Community */ = {
			isa = XCSwiftPackageProductDependency;
			package = BA32B5322DC1EAA800D48CC3 /* XCRemoteSwiftPackageReference "firebase-ios-sdk" */;
			productName = "FirebaseAuthCombine-Community";
		};
		BA32B5372DC1EAA800D48CC3 /* FirebaseCore */ = {
			isa = XCSwiftPackageProductDependency;
			package = BA32B5322DC1EAA800D48CC3 /* XCRemoteSwiftPackageReference "firebase-ios-sdk" */;
			productName = FirebaseCore;
		};
		BA32B5392DC1EAA800D48CC3 /* FirebaseDatabase */ = {
			isa = XCSwiftPackageProductDependency;
			package = BA32B5322DC1EAA800D48CC3 /* XCRemoteSwiftPackageReference "firebase-ios-sdk" */;
			productName = FirebaseDatabase;
		};
		BA32B53B2DC1EAA800D48CC3 /* FirebaseFirestore */ = {
			isa = XCSwiftPackageProductDependency;
			package = BA32B5322DC1EAA800D48CC3 /* XCRemoteSwiftPackageReference "firebase-ios-sdk" */;
			productName = FirebaseFirestore;
		};
		BA32B53D2DC1EAA800D48CC3 /* FirebaseStorage */ = {
			isa = XCSwiftPackageProductDependency;
			package = BA32B5322DC1EAA800D48CC3 /* XCRemoteSwiftPackageReference "firebase-ios-sdk" */;
			productName = FirebaseStorage;
		};
/* End XCSwiftPackageProductDependency section */
	};
	rootObject = BA5150322DC1817B00D248C2 /* Project object */;
}
